// !$*UTF8*$!
{
	archiveVersion = 1;
	classes = {
	};
	objectVersion = 48;
	objects = {

/* Begin PBXBuildFile section */
		1C09072E234B14E70098282F /* tblMapData.swift in Sources */ = {isa = PBXBuildFile; fileRef = 1C09072D234B14E70098282F /* tblMapData.swift */; };
		A7BF918B2248D8BA00AB93D6 /* AppDelegate.swift in Sources */ = {isa = PBXBuildFile; fileRef = A7BF918A2248D8BA00AB93D6 /* AppDelegate.swift */; };
		A7BF918D2248D8BA00AB93D6 /* ViewController.swift in Sources */ = {isa = PBXBuildFile; fileRef = A7BF918C2248D8BA00AB93D6 /* ViewController.swift */; };
		A7BF91902248D8BA00AB93D6 /* Main.storyboard in Resources */ = {isa = PBXBuildFile; fileRef = A7BF918E2248D8BA00AB93D6 /* Main.storyboard */; };
		A7BF91922248D8BA00AB93D6 /* Assets.xcassets in Resources */ = {isa = PBXBuildFile; fileRef = A7BF91912248D8BA00AB93D6 /* Assets.xcassets */; };
		A7BF91952248D8BA00AB93D6 /* LaunchScreen.storyboard in Resources */ = {isa = PBXBuildFile; fileRef = A7BF91932248D8BA00AB93D6 /* LaunchScreen.storyboard */; };
		A7CB6A88224B41970098B787 /* VC.swift in Sources */ = {isa = PBXBuildFile; fileRef = A7CB6A87224B41970098B787 /* VC.swift */; };
		CB50E51C6482754480F1D09A /* Pods_MapDemo.framework in Frameworks */ = {isa = PBXBuildFile; fileRef = 3C2B0A4AE05048F766F53096 /* Pods_MapDemo.framework */; };
/* End PBXBuildFile section */

/* Begin PBXFileReference section */
		1C09072D234B14E70098282F /* tblMapData.swift */ = {isa = PBXFileReference; lastKnownFileType = sourcecode.swift; path = tblMapData.swift; sourceTree = "<group>"; };
		29E29D64EE3E13549DB45143 /* Pods-MapDemo.debug.xcconfig */ = {isa = PBXFileReference; includeInIndex = 1; lastKnownFileType = text.xcconfig; name = "Pods-MapDemo.debug.xcconfig"; path = "Pods/Target Support Files/Pods-MapDemo/Pods-MapDemo.debug.xcconfig"; sourceTree = "<group>"; };
		3C2B0A4AE05048F766F53096 /* Pods_MapDemo.framework */ = {isa = PBXFileReference; explicitFileType = wrapper.framework; includeInIndex = 0; path = Pods_MapDemo.framework; sourceTree = BUILT_PRODUCTS_DIR; };
		A7BF91872248D8BA00AB93D6 /* MapDemo.app */ = {isa = PBXFileReference; explicitFileType = wrapper.application; includeInIndex = 0; path = MapDemo.app; sourceTree = BUILT_PRODUCTS_DIR; };
		A7BF918A2248D8BA00AB93D6 /* AppDelegate.swift */ = {isa = PBXFileReference; lastKnownFileType = sourcecode.swift; path = AppDelegate.swift; sourceTree = "<group>"; };
		A7BF918C2248D8BA00AB93D6 /* ViewController.swift */ = {isa = PBXFileReference; lastKnownFileType = sourcecode.swift; path = ViewController.swift; sourceTree = "<group>"; };
		A7BF918F2248D8BA00AB93D6 /* Base */ = {isa = PBXFileReference; lastKnownFileType = file.storyboard; name = Base; path = Base.lproj/Main.storyboard; sourceTree = "<group>"; };
		A7BF91912248D8BA00AB93D6 /* Assets.xcassets */ = {isa = PBXFileReference; lastKnownFileType = folder.assetcatalog; path = Assets.xcassets; sourceTree = "<group>"; };
		A7BF91942248D8BA00AB93D6 /* Base */ = {isa = PBXFileReference; lastKnownFileType = file.storyboard; name = Base; path = Base.lproj/LaunchScreen.storyboard; sourceTree = "<group>"; };
		A7BF91962248D8BA00AB93D6 /* Info.plist */ = {isa = PBXFileReference; lastKnownFileType = text.plist.xml; path = Info.plist; sourceTree = "<group>"; };
		A7CB6A87224B41970098B787 /* VC.swift */ = {isa = PBXFileReference; lastKnownFileType = sourcecode.swift; path = VC.swift; sourceTree = "<group>"; };
		B597EFAA25DDD86991FD2746 /* Pods-MapDemo.release.xcconfig */ = {isa = PBXFileReference; includeInIndex = 1; lastKnownFileType = text.xcconfig; name = "Pods-MapDemo.release.xcconfig"; path = "Pods/Target Support Files/Pods-MapDemo/Pods-MapDemo.release.xcconfig"; sourceTree = "<group>"; };
/* End PBXFileReference section */

/* Begin PBXFrameworksBuildPhase section */
		A7BF91842248D8BA00AB93D6 /* Frameworks */ = {
			isa = PBXFrameworksBuildPhase;
			buildActionMask = 2147483647;
			files = (
				CB50E51C6482754480F1D09A /* Pods_MapDemo.framework in Frameworks */,
			);
			runOnlyForDeploymentPostprocessing = 0;
		};
/* End PBXFrameworksBuildPhase section */

/* Begin PBXGroup section */
		79CEE046FE51201450173E76 /* Frameworks */ = {
			isa = PBXGroup;
			children = (
				3C2B0A4AE05048F766F53096 /* Pods_MapDemo.framework */,
			);
			name = Frameworks;
			sourceTree = "<group>";
		};
		7DBB8CC55734479F2055E7DD /* Pods */ = {
			isa = PBXGroup;
			children = (
				29E29D64EE3E13549DB45143 /* Pods-MapDemo.debug.xcconfig */,
				B597EFAA25DDD86991FD2746 /* Pods-MapDemo.release.xcconfig */,
			);
			name = Pods;
			sourceTree = "<group>";
		};
		A7BF917E2248D8BA00AB93D6 = {
			isa = PBXGroup;
			children = (
				A7BF91892248D8BA00AB93D6 /* MapDemo */,
				A7BF91882248D8BA00AB93D6 /* Products */,
				7DBB8CC55734479F2055E7DD /* Pods */,
				79CEE046FE51201450173E76 /* Frameworks */,
			);
			sourceTree = "<group>";
		};
		A7BF91882248D8BA00AB93D6 /* Products */ = {
			isa = PBXGroup;
			children = (
				A7BF91872248D8BA00AB93D6 /* MapDemo.app */,
			);
			name = Products;
			sourceTree = "<group>";
		};
		A7BF91892248D8BA00AB93D6 /* MapDemo */ = {
			isa = PBXGroup;
			children = (
				A7BF918A2248D8BA00AB93D6 /* AppDelegate.swift */,
				A7BF918C2248D8BA00AB93D6 /* ViewController.swift */,
				1C09072D234B14E70098282F /* tblMapData.swift */,
				A7BF918E2248D8BA00AB93D6 /* Main.storyboard */,
				A7BF91912248D8BA00AB93D6 /* Assets.xcassets */,
				A7BF91932248D8BA00AB93D6 /* LaunchScreen.storyboard */,
				A7BF91962248D8BA00AB93D6 /* Info.plist */,
				A7CB6A87224B41970098B787 /* VC.swift */,
			);
			path = MapDemo;
			sourceTree = "<group>";
		};
/* End PBXGroup section */

/* Begin PBXNativeTarget section */
		A7BF91862248D8BA00AB93D6 /* MapDemo */ = {
			isa = PBXNativeTarget;
			buildConfigurationList = A7BF91992248D8BA00AB93D6 /* Build configuration list for PBXNativeTarget "MapDemo" */;
			buildPhases = (
				563326F0899B4E7FE232ACB2 /* [CP] Check Pods Manifest.lock */,
				A7BF91832248D8BA00AB93D6 /* Sources */,
				A7BF91842248D8BA00AB93D6 /* Frameworks */,
				A7BF91852248D8BA00AB93D6 /* Resources */,
				5894B019949DD5933A5EBBEF /* [CP] Embed Pods Frameworks */,
				7F4D81E5FD83659EB84C52D9 /* [CP] Copy Pods Resources */,
			);
			buildRules = (
			);
			dependencies = (
			);
			name = MapDemo;
			productName = MapDemo;
			productReference = A7BF91872248D8BA00AB93D6 /* MapDemo.app */;
			productType = "com.apple.product-type.application";
		};
/* End PBXNativeTarget section */

/* Begin PBXProject section */
		A7BF917F2248D8BA00AB93D6 /* Project object */ = {
			isa = PBXProject;
			attributes = {
				LastSwiftUpdateCheck = 0920;
				LastUpgradeCheck = 0920;
				ORGANIZATIONNAME = Stegowl;
				TargetAttributes = {
					A7BF91862248D8BA00AB93D6 = {
						CreatedOnToolsVersion = 9.2;
						ProvisioningStyle = Automatic;
					};
				};
			};
			buildConfigurationList = A7BF91822248D8BA00AB93D6 /* Build configuration list for PBXProject "MapDemo" */;
			compatibilityVersion = "Xcode 8.0";
			developmentRegion = en;
			hasScannedForEncodings = 0;
			knownRegions = (
				en,
				Base,
			);
			mainGroup = A7BF917E2248D8BA00AB93D6;
			productRefGroup = A7BF91882248D8BA00AB93D6 /* Products */;
			projectDirPath = "";
			projectRoot = "";
			targets = (
				A7BF91862248D8BA00AB93D6 /* MapDemo */,
			);
		};
/* End PBXProject section */

/* Begin PBXResourcesBuildPhase section */
		A7BF91852248D8BA00AB93D6 /* Resources */ = {
			isa = PBXResourcesBuildPhase;
			buildActionMask = 2147483647;
			files = (
				A7BF91952248D8BA00AB93D6 /* LaunchScreen.storyboard in Resources */,
				A7BF91922248D8BA00AB93D6 /* Assets.xcassets in Resources */,
				A7BF91902248D8BA00AB93D6 /* Main.storyboard in Resources */,
			);
			runOnlyForDeploymentPostprocessing = 0;
		};
/* End PBXResourcesBuildPhase section */

/* Begin PBXShellScriptBuildPhase section */
		563326F0899B4E7FE232ACB2 /* [CP] Check Pods Manifest.lock */ = {
			isa = PBXShellScriptBuildPhase;
			buildActionMask = 2147483647;
			files = (
			);
			inputPaths = (
				"${PODS_PODFILE_DIR_PATH}/Podfile.lock",
				"${PODS_ROOT}/Manifest.lock",
			);
			name = "[CP] Check Pods Manifest.lock";
			outputPaths = (
				"$(DERIVED_FILE_DIR)/Pods-MapDemo-checkManifestLockResult.txt",
			);
			runOnlyForDeploymentPostprocessing = 0;
			shellPath = /bin/sh;
			shellScript = "diff \"${PODS_PODFILE_DIR_PATH}/Podfile.lock\" \"${PODS_ROOT}/Manifest.lock\" > /dev/null\nif [ $? != 0 ] ; then\n    # print error to STDERR\n    echo \"error: The sandbox is not in sync with the Podfile.lock. Run 'pod install' or update your CocoaPods installation.\" >&2\n    exit 1\nfi\n# This output is used by Xcode 'outputs' to avoid re-running this script phase.\necho \"SUCCESS\" > \"${SCRIPT_OUTPUT_FILE_0}\"\n";
			showEnvVarsInLog = 0;
		};
		5894B019949DD5933A5EBBEF /* [CP] Embed Pods Frameworks */ = {
			isa = PBXShellScriptBuildPhase;
			buildActionMask = 2147483647;
			files = (
			);
			inputPaths = (
				"${SRCROOT}/Pods/Target Support Files/Pods-MapDemo/Pods-MapDemo-frameworks.sh",
				"${BUILT_PRODUCTS_DIR}/Alamofire/Alamofire.framework",
				"${BUILT_PRODUCTS_DIR}/SwiftyJSON/SwiftyJSON.framework",
			);
			name = "[CP] Embed Pods Frameworks";
			outputPaths = (
				"${TARGET_BUILD_DIR}/${FRAMEWORKS_FOLDER_PATH}/Alamofire.framework",
				"${TARGET_BUILD_DIR}/${FRAMEWORKS_FOLDER_PATH}/SwiftyJSON.framework",
			);
			runOnlyForDeploymentPostprocessing = 0;
			shellPath = /bin/sh;
			shellScript = "\"${SRCROOT}/Pods/Target Support Files/Pods-MapDemo/Pods-MapDemo-frameworks.sh\"\n";
			showEnvVarsInLog = 0;
		};
		7F4D81E5FD83659EB84C52D9 /* [CP] Copy Pods Resources */ = {
			isa = PBXShellScriptBuildPhase;
			buildActionMask = 2147483647;
			files = (
			);
			inputPaths = (
				"${SRCROOT}/Pods/Target Support Files/Pods-MapDemo/Pods-MapDemo-resources.sh",
				"${PODS_ROOT}/GoogleMaps/Maps/Frameworks/GoogleMaps.framework/Resources/GoogleMaps.bundle",
				"${PODS_ROOT}/GooglePlaces/Frameworks/GooglePlaces.framework/Resources/GooglePlaces.bundle",
			);
			name = "[CP] Copy Pods Resources";
			outputPaths = (
				"${TARGET_BUILD_DIR}/${UNLOCALIZED_RESOURCES_FOLDER_PATH}/GoogleMaps.bundle",
				"${TARGET_BUILD_DIR}/${UNLOCALIZED_RESOURCES_FOLDER_PATH}/GooglePlaces.bundle",
			);
			runOnlyForDeploymentPostprocessing = 0;
			shellPath = /bin/sh;
			shellScript = "\"${SRCROOT}/Pods/Target Support Files/Pods-MapDemo/Pods-MapDemo-resources.sh\"\n";
			showEnvVarsInLog = 0;
		};
/* End PBXShellScriptBuildPhase section */

/* Begin PBXSourcesBuildPhase section */
		A7BF91832248D8BA00AB93D6 /* Sources */ = {
			isa = PBXSourcesBuildPhase;
			buildActionMask = 2147483647;
			files = (
				A7BF918D2248D8BA00AB93D6 /* ViewController.swift in Sources */,
				1C09072E234B14E70098282F /* tblMapData.swift in Sources */,
				A7BF918B2248D8BA00AB93D6 /* AppDelegate.swift in Sources */,
				A7CB6A88224B41970098B787 /* VC.swift in Sources */,
			);
			runOnlyForDeploymentPostprocessing = 0;
		};
/* End PBXSourcesBuildPhase section */

/* Begin PBXVariantGroup section */
		A7BF918E2248D8BA00AB93D6 /* Main.storyboard */ = {
			isa = PBXVariantGroup;
			children = (
				A7BF918F2248D8BA00AB93D6 /* Base */,
			);
			name = Main.storyboard;
			sourceTree = "<group>";
		};
		A7BF91932248D8BA00AB93D6 /* LaunchScreen.storyboard */ = {
			isa = PBXVariantGroup;
			children = (
				A7BF91942248D8BA00AB93D6 /* Base */,
			);
			name = LaunchScreen.storyboard;
			sourceTree = "<group>";
		};
/* End PBXVariantGroup section */

/* Begin XCBuildConfiguration section */
		A7BF91972248D8BA00AB93D6 /* Debug */ = {
			isa = XCBuildConfiguration;
			buildSettings = {
				ALWAYS_SEARCH_USER_PATHS = NO;
				CLANG_ANALYZER_NONNULL = YES;
				CLANG_ANALYZER_NUMBER_OBJECT_CONVERSION = YES_AGGRESSIVE;
				CLANG_CXX_LANGUAGE_STANDARD = "gnu++14";
				CLANG_CXX_LIBRARY = "libc++";
				CLANG_ENABLE_MODULES = YES;
				CLANG_ENABLE_OBJC_ARC = YES;
				CLANG_WARN_BLOCK_CAPTURE_AUTORELEASING = YES;
				CLANG_WARN_BOOL_CONVERSION = YES;
				CLANG_WARN_COMMA = YES;
				CLANG_WARN_CONSTANT_CONVERSION = YES;
				CLANG_WARN_DIRECT_OBJC_ISA_USAGE = YES_ERROR;
				CLANG_WARN_DOCUMENTATION_COMMENTS = YES;
				CLANG_WARN_EMPTY_BODY = YES;
				CLANG_WARN_ENUM_CONVERSION = YES;
				CLANG_WARN_INFINITE_RECURSION = YES;
				CLANG_WARN_INT_CONVERSION = YES;
				CLANG_WARN_NON_LITERAL_NULL_CONVERSION = YES;
				CLANG_WARN_OBJC_LITERAL_CONVERSION = YES;
				CLANG_WARN_OBJC_ROOT_CLASS = YES_ERROR;
				CLANG_WARN_RANGE_LOOP_ANALYSIS = YES;
				CLANG_WARN_STRICT_PROTOTYPES = YES;
				CLANG_WARN_SUSPICIOUS_MOVE = YES;
				CLANG_WARN_UNGUARDED_AVAILABILITY = YES_AGGRESSIVE;
				CLANG_WARN_UNREACHABLE_CODE = YES;
				CLANG_WARN__DUPLICATE_METHOD_MATCH = YES;
				CODE_SIGN_IDENTITY = "iPhone Developer";
				COPY_PHASE_STRIP = NO;
				DEBUG_INFORMATION_FORMAT = dwarf;
				ENABLE_STRICT_OBJC_MSGSEND = YES;
				ENABLE_TESTABILITY = YES;
				GCC_C_LANGUAGE_STANDARD = gnu11;
				GCC_DYNAMIC_NO_PIC = NO;
				GCC_NO_COMMON_BLOCKS = YES;
				GCC_OPTIMIZATION_LEVEL = 0;
				GCC_PREPROCESSOR_DEFINITIONS = (
					"DEBUG=1",
					"$(inherited)",
				);
				GCC_WARN_64_TO_32_BIT_CONVERSION = YES;
				GCC_WARN_ABOUT_RETURN_TYPE = YES_ERROR;
				GCC_WARN_UNDECLARED_SELECTOR = YES;
				GCC_WARN_UNINITIALIZED_AUTOS = YES_AGGRESSIVE;
				GCC_WARN_UNUSED_FUNCTION = YES;
				GCC_WARN_UNUSED_VARIABLE = YES;
				IPHONEOS_DEPLOYMENT_TARGET = 11.2;
				MTL_ENABLE_DEBUG_INFO = YES;
				ONLY_ACTIVE_ARCH = YES;
				SDKROOT = iphoneos;
				SWIFT_ACTIVE_COMPILATION_CONDITIONS = DEBUG;
				SWIFT_OPTIMIZATION_LEVEL = "-Onone";
			};
			name = Debug;
		};
		A7BF91982248D8BA00AB93D6 /* Release */ = {
			isa = XCBuildConfiguration;
			buildSettings = {
				ALWAYS_SEARCH_USER_PATHS = NO;
				CLANG_ANALYZER_NONNULL = YES;
				CLANG_ANALYZER_NUMBER_OBJECT_CONVERSION = YES_AGGRESSIVE;
				CLANG_CXX_LANGUAGE_STANDARD = "gnu++14";
				CLANG_CXX_LIBRARY = "libc++";
				CLANG_ENABLE_MODULES = YES;
				CLANG_ENABLE_OBJC_ARC = YES;
				CLANG_WARN_BLOCK_CAPTURE_AUTORELEASING = YES;
				CLANG_WARN_BOOL_CONVERSION = YES;
				CLANG_WARN_COMMA = YES;
				CLANG_WARN_CONSTANT_CONVERSION = YES;
				CLANG_WARN_DIRECT_OBJC_ISA_USAGE = YES_ERROR;
				CLANG_WARN_DOCUMENTATION_COMMENTS = YES;
				CLANG_WARN_EMPTY_BODY = YES;
				CLANG_WARN_ENUM_CONVERSION = YES;
				CLANG_WARN_INFINITE_RECURSION = YES;
				CLANG_WARN_INT_CONVERSION = YES;
				CLANG_WARN_NON_LITERAL_NULL_CONVERSION = YES;
				CLANG_WARN_OBJC_LITERAL_CONVERSION = YES;
				CLANG_WARN_OBJC_ROOT_CLASS = YES_ERROR;
				CLANG_WARN_RANGE_LOOP_ANALYSIS = YES;
				CLANG_WARN_STRICT_PROTOTYPES = YES;
				CLANG_WARN_SUSPICIOUS_MOVE = YES;
				CLANG_WARN_UNGUARDED_AVAILABILITY = YES_AGGRESSIVE;
				CLANG_WARN_UNREACHABLE_CODE = YES;
				CLANG_WARN__DUPLICATE_METHOD_MATCH = YES;
				CODE_SIGN_IDENTITY = "iPhone Developer";
				COPY_PHASE_STRIP = NO;
				DEBUG_INFORMATION_FORMAT = "dwarf-with-dsym";
				ENABLE_NS_ASSERTIONS = NO;
				ENABLE_STRICT_OBJC_MSGSEND = YES;
				GCC_C_LANGUAGE_STANDARD = gnu11;
				GCC_NO_COMMON_BLOCKS = YES;
				GCC_WARN_64_TO_32_BIT_CONVERSION = YES;
				GCC_WARN_ABOUT_RETURN_TYPE = YES_ERROR;
				GCC_WARN_UNDECLARED_SELECTOR = YES;
				GCC_WARN_UNINITIALIZED_AUTOS = YES_AGGRESSIVE;
				GCC_WARN_UNUSED_FUNCTION = YES;
				GCC_WARN_UNUSED_VARIABLE = YES;
				IPHONEOS_DEPLOYMENT_TARGET = 11.2;
				MTL_ENABLE_DEBUG_INFO = NO;
				SDKROOT = iphoneos;
				SWIFT_OPTIMIZATION_LEVEL = "-Owholemodule";
				VALIDATE_PRODUCT = YES;
			};
			name = Release;
		};
		A7BF919A2248D8BA00AB93D6 /* Debug */ = {
			isa = XCBuildConfiguration;
			baseConfigurationReference = 29E29D64EE3E13549DB45143 /* Pods-MapDemo.debug.xcconfig */;
			buildSettings = {
				ASSETCATALOG_COMPILER_APPICON_NAME = AppIcon;
				CODE_SIGN_STYLE = Automatic;
				INFOPLIST_FILE = MapDemo/Info.plist;
				LD_RUNPATH_SEARCH_PATHS = "$(inherited) @executable_path/Frameworks";
				PRODUCT_BUNDLE_IDENTIFIER = com.MapDemo;
				PRODUCT_NAME = "$(TARGET_NAME)";
				SWIFT_VERSION = 4.0;
				TARGETED_DEVICE_FAMILY = "1,2";
			};
			name = Debug;
		};
		A7BF919B2248D8BA00AB93D6 /* Release */ = {
			isa = XCBuildConfiguration;
			baseConfigurationReference = B597EFAA25DDD86991FD2746 /* Pods-MapDemo.release.xcconfig */;
			buildSettings = {
				ASSETCATALOG_COMPILER_APPICON_NAME = AppIcon;
				CODE_SIGN_STYLE = Automatic;
				INFOPLIST_FILE = MapDemo/Info.plist;
				LD_RUNPATH_SEARCH_PATHS = "$(inherited) @executable_path/Frameworks";
				PRODUCT_BUNDLE_IDENTIFIER = com.MapDemo;
				PRODUCT_NAME = "$(TARGET_NAME)";
				SWIFT_VERSION = 4.0;
				TARGETED_DEVICE_FAMILY = "1,2";
			};
			name = Release;
		};
/* End XCBuildConfiguration section */

/* Begin XCConfigurationList section */
		A7BF91822248D8BA00AB93D6 /* Build configuration list for PBXProject "MapDemo" */ = {
			isa = XCConfigurationList;
			buildConfigurations = (
				A7BF91972248D8BA00AB93D6 /* Debug */,
				A7BF91982248D8BA00AB93D6 /* Release */,
			);
			defaultConfigurationIsVisible = 0;
			defaultConfigurationName = Release;
		};
		A7BF91992248D8BA00AB93D6 /* Build configuration list for PBXNativeTarget "MapDemo" */ = {
			isa = XCConfigurationList;
			buildConfigurations = (
				A7BF919A2248D8BA00AB93D6 /* Debug */,
				A7BF919B2248D8BA00AB93D6 /* Release */,
			);
			defaultConfigurationIsVisible = 0;
			defaultConfigurationName = Release;
		};
/* End XCConfigurationList section */
	};
	rootObject = A7BF917F2248D8BA00AB93D6 /* Project object */;
}
